PODS:
  - CAAnimationBlocks (0.0.1)
  - ChatHeads (1.0):
    - CAAnimationBlocks
    - SKBounceAnimation
  - EGOCache (2.1)
  - JGProgressHUD (1.2.2)
  - LDProgressView (1.2.1)
  - PureLayout (2.0.1)
  - SDWebImage (3.7.1):
    - SDWebImage/Core
  - SDWebImage/Core (3.7.1)
  - SKBounceAnimation (1.0.04)
  - SSKeychain (1.2.2)
  - UrbanAirship-iOS-SDK (5.0.3)
  - WYPopoverController (0.3.3)

DEPENDENCIES:
  - ChatHeads (~> 1.0)
  - EGOCache (~> 2.1)
  - JGProgressHUD (~> 1.2.2)
  - LDProgressView (~> 1.2.1)
  - PureLayout (~> 2.0.1)
  - SDWebImage (~> 3.7.1)
  - SSKeychain (~> 1.2.2)
  - UrbanAirship-iOS-SDK (~> 5.0.3)
  - WYPopoverController (~> 0.3.3)

SPEC CHECKSUMS:
  CAAnimationBlocks: 981bfca79ac481f07957aa8357885e620637f926
  ChatHeads: 1b66a3ca6ae25e6ce04eb64485cf96b43b74bbcc
  EGOCache: bf414333c425fe47f5182351d1dd47ebf72d8352
  JGProgressHUD: a7c58f711eec0b67f257a0821c0bac9194c72398
  LDProgressView: e0ee70a7cd858ac8c04b319ef87854e7250fb357
  PureLayout: 12eca5b6dc94f1a03fdf255d640604584ff1b55b
  SDWebImage: 116e88633b5b416ea0ca4b334a4ac59cf72dd38d
  SKBounceAnimation: a47c30f67d3e4b948b1823ce5957d72d4382dd73
  SSKeychain: cc48bd3ad24fcd9125adb9e0d23dd50b8bbd08b9
  UrbanAirship-iOS-SDK: 28f557544619935e2eb59955fb7c15fa0709e3c7
  WYPopoverController: 86aa5a8993fea95f59028d5d944d0f21f8bee9b9

COCOAPODS: 0.34.4
