PODS:
  - Alamofire (1.1.4)
  - Bolts (1.1.3)
  - CAAnimationBlocks (0.0.1)
  - ChatHeads (1.0):
    - CAAnimationBlocks
    - SKBounceAnimation
  - DZNSegmentedControl (1.2.2)
  - EGOCache (2.1)
  - Facebook-iOS-SDK (3.23.0):
    - Bolts (~> 1.0)
  - FormatterKit (1.8.0):
    - FormatterKit/AddressFormatter (= 1.8.0)
    - FormatterKit/ArrayFormatter (= 1.8.0)
    - FormatterKit/ColorFormatter (= 1.8.0)
    - FormatterKit/LocationFormatter (= 1.8.0)
    - FormatterKit/NameFormatter (= 1.8.0)
    - FormatterKit/OrdinalNumberFormatter (= 1.8.0)
    - FormatterKit/TimeIntervalFormatter (= 1.8.0)
    - FormatterKit/UnitOfInformationFormatter (= 1.8.0)
    - FormatterKit/URLRequestFormatter (= 1.8.0)
  - FormatterKit/AddressFormatter (1.8.0)
  - FormatterKit/ArrayFormatter (1.8.0)
  - FormatterKit/ColorFormatter (1.8.0)
  - FormatterKit/LocationFormatter (1.8.0)
  - FormatterKit/NameFormatter (1.8.0)
  - FormatterKit/OrdinalNumberFormatter (1.8.0)
  - FormatterKit/TimeIntervalFormatter (1.8.0)
  - FormatterKit/UnitOfInformationFormatter (1.8.0)
  - FormatterKit/URLRequestFormatter (1.8.0)
  - GPUImage (0.1.6)
  - JGProgressHUD (1.2.3)
  - KKProgressTimer (0.0.1)
  - LDProgressView (1.2.1)
  - MDRadialProgress (1.3.1)
  - PureLayout (2.0.5)
  - SDWebImage (3.7.1):
    - SDWebImage/Core (= 3.7.1)
  - SDWebImage/Core (3.7.1)
  - SKBounceAnimation (1.0.04)
  - SSKeychain (1.2.2)
  - UrbanAirship-iOS-SDK (5.1.1):
    - UrbanAirship-iOS-SDK/Core (= 5.1.1)
  - UrbanAirship-iOS-SDK/Core (5.1.1)
  - WYPopoverController (0.3.6)

DEPENDENCIES:
  - Alamofire (~> 1.1.4)
  - ChatHeads (~> 1.0)
  - DZNSegmentedControl (~> 1.2.2)
  - EGOCache (~> 2.1)
  - Facebook-iOS-SDK (~> 3.23.0)
  - FormatterKit (~> 1.8.0)
  - GPUImage (~> 0.1.6)
  - JGProgressHUD (~> 1.2.3)
  - KKProgressTimer (from `http://github.com/gin0606/KKProgressTimer.git`)
  - LDProgressView (~> 1.2.1)
  - MDRadialProgress (~> 1.3.1)
  - PureLayout (~> 2.0.5)
  - SDWebImage (~> 3.7.1)
  - SSKeychain (~> 1.2.2)
  - UrbanAirship-iOS-SDK (~> 5.1.1)
  - WYPopoverController (~> 0.3.6)

EXTERNAL SOURCES:
  KKProgressTimer:
    :git: http://github.com/gin0606/KKProgressTimer.git

CHECKOUT OPTIONS:
  KKProgressTimer:
    :commit: 575be455a23e22c2646c09726d1219e363f36aa4
    :git: http://github.com/gin0606/KKProgressTimer.git

SPEC CHECKSUMS:
  Alamofire: 524225da382071ee3e6d0badd0ee4b4dc36740de
  Bolts: 3db0a875235e0c9042b013af13af0f00f79b102c
  CAAnimationBlocks: 981bfca79ac481f07957aa8357885e620637f926
  ChatHeads: 1b66a3ca6ae25e6ce04eb64485cf96b43b74bbcc
  DZNSegmentedControl: daa91d107904f7433e73852477f08450575be331
  EGOCache: bf414333c425fe47f5182351d1dd47ebf72d8352
  Facebook-iOS-SDK: 3d65f685348b789e46a9aacf92bfa85b60b63755
  FormatterKit: 547a808c41172136a3f3acb424ac9361d38bb32f
  GPUImage: cecb0830bb9428f50192042e3c7b53810f51388e
  JGProgressHUD: 733523c80f69b6dfc41b88a0f33883a89a8b4c3b
  KKProgressTimer: 6a132f47ed5a24fdc0fa8a4f15dfe2ed5844772a
  LDProgressView: e0ee70a7cd858ac8c04b319ef87854e7250fb357
  MDRadialProgress: 0499b76b2bd25711ac1d6687c07ac915bad1b8bd
  PureLayout: 63a3257320223e8edddcd3afb407445f85a6bf74
  SDWebImage: 116e88633b5b416ea0ca4b334a4ac59cf72dd38d
  SKBounceAnimation: a47c30f67d3e4b948b1823ce5957d72d4382dd73
  SSKeychain: cc48bd3ad24fcd9125adb9e0d23dd50b8bbd08b9
  UrbanAirship-iOS-SDK: 46a5fd5109c911a2d33c5a01b1bd141a3f5d3d34
  WYPopoverController: a46116aded5979c354300ef644b9cce906ee3a57

COCOAPODS: 0.36.0.beta.2
